
Microsoft Visual Studio Solution File, Format Version 12.00
# Visual Studio Version 17
VisualStudioVersion = 17.0.32112.339
MinimumVisualStudioVersion = 10.0.40219.1
Project("{FAE04EC0-301F-11D3-BF4B-00C04F79EFBC}") = "StudentDatabaseLab", "StudentDatabaseLab.csproj", "{A3E86F01-4B62-4EF6-B8FC-4A130CF79F53}"
EndProject
Global
	GlobalSection(SolutionConfigurationPlatforms) = preSolution
		Debug|Any CPU = Debug|Any CPU
		Release|Any CPU = Release|Any CPU
	EndGlobalSection
	GlobalSection(ProjectConfigurationPlatforms) = postSolution
		{A3E86F01-4B62-4EF6-B8FC-4A130CF79F53}.Debug|Any CPU.ActiveCfg = Debug|Any CPU
		{A3E86F01-4B62-4EF6-B8FC-4A130CF79F53}.Debug|Any CPU.Build.0 = Debug|Any CPU
		{A3E86F01-4B62-4EF6-B8FC-4A130CF79F53}.Release|Any CPU.ActiveCfg = Release|Any CPU
		{A3E86F01-4B62-4EF6-B8FC-4A130CF79F53}.Release|Any CPU.Build.0 = Release|Any CPU
	EndGlobalSection
	GlobalSection(SolutionProperties) = preSolution
		HideSolutionNode = FALSE
	EndGlobalSection
	GlobalSection(ExtensibilityGlobals) = postSolution
		SolutionGuid = {5D55524B-81AE-4EF3-94E5-1AA771FB3A51}
	EndGlobalSection
EndGlobal
